
Microsoft Visual Studio Solution File, Format Version 12.00
# Visual Studio Version 17
VisualStudioVersion = 17.5.002.0
MinimumVisualStudioVersion = 10.0.40219.1
Project("{9A19103F-16F7-4668-BE54-9A1E7A4F7556}") = "practica15-yosselynhernande19-25", "practica15-yosselynhernande19-25.csproj", "{3195CDFC-E9B9-4689-92F8-648751102011}"
EndProject
Global
	GlobalSection(SolutionConfigurationPlatforms) = preSolution
		Debug|Any CPU = Debug|Any CPU
		Release|Any CPU = Release|Any CPU
	EndGlobalSection
	GlobalSection(ProjectConfigurationPlatforms) = postSolution
		{3195CDFC-E9B9-4689-92F8-648751102011}.Debug|Any CPU.ActiveCfg = Debug|Any CPU
		{3195CDFC-E9B9-4689-92F8-648751102011}.Debug|Any CPU.Build.0 = Debug|Any CPU
		{3195CDFC-E9B9-4689-92F8-648751102011}.Release|Any CPU.ActiveCfg = Release|Any CPU
		{3195CDFC-E9B9-4689-92F8-648751102011}.Release|Any CPU.Build.0 = Release|Any CPU
	EndGlobalSection
	GlobalSection(SolutionProperties) = preSolution
		HideSolutionNode = FALSE
	EndGlobalSection
	GlobalSection(ExtensibilityGlobals) = postSolution
		SolutionGuid = {D38A5B37-5298-4AFD-93FA-B6A242203BC4}
	EndGlobalSection
EndGlobal
